dependencies:
  espressif/ksz8863:
    component_hash: 35f0ceb2578d9d90e763e0fd3286159b4dac0b9d2a327ecdf2a5ba53e9b7df49
    dependencies:
    - name: idf
      require: private
      version: '>=5.3'
    source:
      registry_url: https://components.espressif.com/
      type: service
    targets:
    - esp32
    - esp32p4
    version: 0.2.10
  idf:
    source:
      type: idf
    version: 5.4.2
direct_dependencies:
- espressif/ksz8863
manifest_hash: 1fa0258ec795942a63d83b1df009ec86408ee6551f8269814d5560db42cf0eaa
target: esp32
version: 2.0.0
